
Microsoft Visual Studio Solution File, Format Version 12.00
# Visual Studio Version 16
VisualStudioVersion = 16.0.30002.166
MinimumVisualStudioVersion = 10.0.40219.1
Project("{9A19103F-16F7-4668-BE54-9A1E7A4F7556}") = "Static", "Bai_1\Static.csproj", "{D58FA3B7-DF2D-47D3-80CC-C772F2B8BB83}"
EndProject
Project("{FAE04EC0-301F-11D3-BF4B-00C04F79EFBC}") = "Tinh_Ke_Thua", "Tinh_Ke_Thua\Tinh_Ke_Thua.csproj", "{97ABA3EB-E044-4A20-B171-F0885CE7B954}"
EndProject
Global
	GlobalSection(SolutionConfigurationPlatforms) = preSolution
		Debug|Any CPU = Debug|Any CPU
		Release|Any CPU = Release|Any CPU
	EndGlobalSection
	GlobalSection(ProjectConfigurationPlatforms) = postSolution
		{D58FA3B7-DF2D-47D3-80CC-C772F2B8BB83}.Debug|Any CPU.ActiveCfg = Debug|Any CPU
		{D58FA3B7-DF2D-47D3-80CC-C772F2B8BB83}.Debug|Any CPU.Build.0 = Debug|Any CPU
		{D58FA3B7-DF2D-47D3-80CC-C772F2B8BB83}.Release|Any CPU.ActiveCfg = Release|Any CPU
		{D58FA3B7-DF2D-47D3-80CC-C772F2B8BB83}.Release|Any CPU.Build.0 = Release|Any CPU
		{97ABA3EB-E044-4A20-B171-F0885CE7B954}.Debug|Any CPU.ActiveCfg = Debug|Any CPU
		{97ABA3EB-E044-4A20-B171-F0885CE7B954}.Debug|Any CPU.Build.0 = Debug|Any CPU
		{97ABA3EB-E044-4A20-B171-F0885CE7B954}.Release|Any CPU.ActiveCfg = Release|Any CPU
		{97ABA3EB-E044-4A20-B171-F0885CE7B954}.Release|Any CPU.Build.0 = Release|Any CPU
	EndGlobalSection
	GlobalSection(SolutionProperties) = preSolution
		HideSolutionNode = FALSE
	EndGlobalSection
	GlobalSection(ExtensibilityGlobals) = postSolution
		SolutionGuid = {6C9F4CA6-2560-4053-9F50-D68FF089A5CA}
	EndGlobalSection
EndGlobal
